// !$*UTF8*$!
{
	archiveVersion = 1;
	classes = {
	};
	objectVersion = 46;
	objects = {

/* Begin PBXBuildFile section */
		827554451E086532004F5E97 /* AppDelegate.swift in Sources */ = {isa = PBXBuildFile; fileRef = 827554441E086532004F5E97 /* AppDelegate.swift */; };
		827554471E086532004F5E97 /* ViewController.swift in Sources */ = {isa = PBXBuildFile; fileRef = 827554461E086532004F5E97 /* ViewController.swift */; };
		8275544A1E086532004F5E97 /* Main.storyboard in Resources */ = {isa = PBXBuildFile; fileRef = 827554481E086532004F5E97 /* Main.storyboard */; };
		8275544C1E086532004F5E97 /* Assets.xcassets in Resources */ = {isa = PBXBuildFile; fileRef = 8275544B1E086532004F5E97 /* Assets.xcassets */; };
		8275544F1E086532004F5E97 /* LaunchScreen.storyboard in Resources */ = {isa = PBXBuildFile; fileRef = 8275544D1E086532004F5E97 /* LaunchScreen.storyboard */; };
		8275545A1E086532004F5E97 /* FirstAppTests.swift in Sources */ = {isa = PBXBuildFile; fileRef = 827554591E086532004F5E97 /* FirstAppTests.swift */; };
		827554651E086532004F5E97 /* FirstAppUITests.swift in Sources */ = {isa = PBXBuildFile; fileRef = 827554641E086532004F5E97 /* FirstAppUITests.swift */; };
/* End PBXBuildFile section */

/* Begin PBXContainerItemProxy section */
		827554561E086532004F5E97 /* PBXContainerItemProxy */ = {
			isa = PBXContainerItemProxy;
			containerPortal = 827554391E086531004F5E97 /* Project object */;
			proxyType = 1;
			remoteGlobalIDString = 827554401E086531004F5E97;
			remoteInfo = FirstApp;
		};
		827554611E086532004F5E97 /* PBXContainerItemProxy */ = {
			isa = PBXContainerItemProxy;
			containerPortal = 827554391E086531004F5E97 /* Project object */;
			proxyType = 1;
			remoteGlobalIDString = 827554401E086531004F5E97;
			remoteInfo = FirstApp;
		};
/* End PBXContainerItemProxy section */

/* Begin PBXFileReference section */
		827554411E086532004F5E97 /* FirstApp.app */ = {isa = PBXFileReference; explicitFileType = wrapper.application; includeInIndex = 0; path = FirstApp.app; sourceTree = BUILT_PRODUCTS_DIR; };
		827554441E086532004F5E97 /* AppDelegate.swift */ = {isa = PBXFileReference; lastKnownFileType = sourcecode.swift; path = AppDelegate.swift; sourceTree = "<group>"; };
		827554461E086532004F5E97 /* ViewController.swift */ = {isa = PBXFileReference; lastKnownFileType = sourcecode.swift; path = ViewController.swift; sourceTree = "<group>"; };
		827554491E086532004F5E97 /* Base */ = {isa = PBXFileReference; lastKnownFileType = file.storyboard; name = Base; path = Base.lproj/Main.storyboard; sourceTree = "<group>"; };
		8275544B1E086532004F5E97 /* Assets.xcassets */ = {isa = PBXFileReference; lastKnownFileType = folder.assetcatalog; path = Assets.xcassets; sourceTree = "<group>"; };
		8275544E1E086532004F5E97 /* Base */ = {isa = PBXFileReference; lastKnownFileType = file.storyboard; name = Base; path = Base.lproj/LaunchScreen.storyboard; sourceTree = "<group>"; };
		827554501E086532004F5E97 /* Info.plist */ = {isa = PBXFileReference; lastKnownFileType = text.plist.xml; path = Info.plist; sourceTree = "<group>"; };
		827554551E086532004F5E97 /* FirstAppTests.xctest */ = {isa = PBXFileReference; explicitFileType = wrapper.cfbundle; includeInIndex = 0; path = FirstAppTests.xctest; sourceTree = BUILT_PRODUCTS_DIR; };
		827554591E086532004F5E97 /* FirstAppTests.swift */ = {isa = PBXFileReference; lastKnownFileType = sourcecode.swift; path = FirstAppTests.swift; sourceTree = "<group>"; };
		8275545B1E086532004F5E97 /* Info.plist */ = {isa = PBXFileReference; lastKnownFileType = text.plist.xml; path = Info.plist; sourceTree = "<group>"; };
		827554601E086532004F5E97 /* FirstAppUITests.xctest */ = {isa = PBXFileReference; explicitFileType = wrapper.cfbundle; includeInIndex = 0; path = FirstAppUITests.xctest; sourceTree = BUILT_PRODUCTS_DIR; };
		827554641E086532004F5E97 /* FirstAppUITests.swift */ = {isa = PBXFileReference; lastKnownFileType = sourcecode.swift; path = FirstAppUITests.swift; sourceTree = "<group>"; };
		827554661E086532004F5E97 /* Info.plist */ = {isa = PBXFileReference; lastKnownFileType = text.plist.xml; path = Info.plist; sourceTree = "<group>"; };
/* End PBXFileReference section */

/* Begin PBXFrameworksBuildPhase section */
		8275543E1E086531004F5E97 /* Frameworks */ = {
			isa = PBXFrameworksBuildPhase;
			buildActionMask = 2147483647;
			files = (
			);
			runOnlyForDeploymentPostprocessing = 0;
		};
		827554521E086532004F5E97 /* Frameworks */ = {
			isa = PBXFrameworksBuildPhase;
			buildActionMask = 2147483647;
			files = (
			);
			runOnlyForDeploymentPostprocessing = 0;
		};
		8275545D1E086532004F5E97 /* Frameworks */ = {
			isa = PBXFrameworksBuildPhase;
			buildActionMask = 2147483647;
			files = (
			);
			runOnlyForDeploymentPostprocessing = 0;
		};
/* End PBXFrameworksBuildPhase section */

/* Begin PBXGroup section */
		827554381E086531004F5E97 = {
			isa = PBXGroup;
			children = (
				827554431E086532004F5E97 /* FirstApp */,
				827554581E086532004F5E97 /* FirstAppTests */,
				827554631E086532004F5E97 /* FirstAppUITests */,
				827554421E086532004F5E97 /* Products */,
			);
			sourceTree = "<group>";
		};
		827554421E086532004F5E97 /* Products */ = {
			isa = PBXGroup;
			children = (
				827554411E086532004F5E97 /* FirstApp.app */,
				827554551E086532004F5E97 /* FirstAppTests.xctest */,
				827554601E086532004F5E97 /* FirstAppUITests.xctest */,
			);
			name = Products;
			sourceTree = "<group>";
		};
		827554431E086532004F5E97 /* FirstApp */ = {
			isa = PBXGroup;
			children = (
				827554441E086532004F5E97 /* AppDelegate.swift */,
				827554461E086532004F5E97 /* ViewController.swift */,
				827554481E086532004F5E97 /* Main.storyboard */,
				8275544B1E086532004F5E97 /* Assets.xcassets */,
				8275544D1E086532004F5E97 /* LaunchScreen.storyboard */,
				827554501E086532004F5E97 /* Info.plist */,
			);
			path = FirstApp;
			sourceTree = "<group>";
		};
		827554581E086532004F5E97 /* FirstAppTests */ = {
			isa = PBXGroup;
			children = (
				827554591E086532004F5E97 /* FirstAppTests.swift */,
				8275545B1E086532004F5E97 /* Info.plist */,
			);
			path = FirstAppTests;
			sourceTree = "<group>";
		};
		827554631E086532004F5E97 /* FirstAppUITests */ = {
			isa = PBXGroup;
			children = (
				827554641E086532004F5E97 /* FirstAppUITests.swift */,
				827554661E086532004F5E97 /* Info.plist */,
			);
			path = FirstAppUITests;
			sourceTree = "<group>";
		};
/* End PBXGroup section */

/* Begin PBXNativeTarget section */
		827554401E086531004F5E97 /* FirstApp */ = {
			isa = PBXNativeTarget;
			buildConfigurationList = 827554691E086532004F5E97 /* Build configuration list for PBXNativeTarget "FirstApp" */;
			buildPhases = (
				8275543D1E086531004F5E97 /* Sources */,
				8275543E1E086531004F5E97 /* Frameworks */,
				8275543F1E086531004F5E97 /* Resources */,
			);
			buildRules = (
			);
			dependencies = (
			);
			name = FirstApp;
			productName = FirstApp;
			productReference = 827554411E086532004F5E97 /* FirstApp.app */;
			productType = "com.apple.product-type.application";
		};
		827554541E086532004F5E97 /* FirstAppTests */ = {
			isa = PBXNativeTarget;
			buildConfigurationList = 8275546C1E086532004F5E97 /* Build configuration list for PBXNativeTarget "FirstAppTests" */;
			buildPhases = (
				827554511E086532004F5E97 /* Sources */,
				827554521E086532004F5E97 /* Frameworks */,
				827554531E086532004F5E97 /* Resources */,
			);
			buildRules = (
			);
			dependencies = (
				827554571E086532004F5E97 /* PBXTargetDependency */,
			);
			name = FirstAppTests;
			productName = FirstAppTests;
			productReference = 827554551E086532004F5E97 /* FirstAppTests.xctest */;
			productType = "com.apple.product-type.bundle.unit-test";
		};
		8275545F1E086532004F5E97 /* FirstAppUITests */ = {
			isa = PBXNativeTarget;
			buildConfigurationList = 8275546F1E086532004F5E97 /* Build configuration list for PBXNativeTarget "FirstAppUITests" */;
			buildPhases = (
				8275545C1E086532004F5E97 /* Sources */,
				8275545D1E086532004F5E97 /* Frameworks */,
				8275545E1E086532004F5E97 /* Resources */,
			);
			buildRules = (
			);
			dependencies = (
				827554621E086532004F5E97 /* PBXTargetDependency */,
			);
			name = FirstAppUITests;
			productName = FirstAppUITests;
			productReference = 827554601E086532004F5E97 /* FirstAppUITests.xctest */;
			productType = "com.apple.product-type.bundle.ui-testing";
		};
/* End PBXNativeTarget section */

/* Begin PBXProject section */
		827554391E086531004F5E97 /* Project object */ = {
			isa = PBXProject;
			attributes = {
				LastSwiftUpdateCheck = 0810;
				LastUpgradeCheck = 0810;
				ORGANIZATIONNAME = "Tyler Dailey";
				TargetAttributes = {
					827554401E086531004F5E97 = {
						CreatedOnToolsVersion = 8.1;
						ProvisioningStyle = Automatic;
					};
					827554541E086532004F5E97 = {
						CreatedOnToolsVersion = 8.1;
						ProvisioningStyle = Automatic;
						TestTargetID = 827554401E086531004F5E97;
					};
					8275545F1E086532004F5E97 = {
						CreatedOnToolsVersion = 8.1;
						ProvisioningStyle = Automatic;
						TestTargetID = 827554401E086531004F5E97;
					};
				};
			};
			buildConfigurationList = 8275543C1E086531004F5E97 /* Build configuration list for PBXProject "FirstApp" */;
			compatibilityVersion = "Xcode 3.2";
			developmentRegion = English;
			hasScannedForEncodings = 0;
			knownRegions = (
				en,
				Base,
			);
			mainGroup = 827554381E086531004F5E97;
			productRefGroup = 827554421E086532004F5E97 /* Products */;
			projectDirPath = "";
			projectRoot = "";
			targets = (
				827554401E086531004F5E97 /* FirstApp */,
				827554541E086532004F5E97 /* FirstAppTests */,
				8275545F1E086532004F5E97 /* FirstAppUITests */,
			);
		};
/* End PBXProject section */

/* Begin PBXResourcesBuildPhase section */
		8275543F1E086531004F5E97 /* Resources */ = {
			isa = PBXResourcesBuildPhase;
			buildActionMask = 2147483647;
			files = (
				8275544F1E086532004F5E97 /* LaunchScreen.storyboard in Resources */,
				8275544C1E086532004F5E97 /* Assets.xcassets in Resources */,
				8275544A1E086532004F5E97 /* Main.storyboard in Resources */,
			);
			runOnlyForDeploymentPostprocessing = 0;
		};
		827554531E086532004F5E97 /* Resources */ = {
			isa = PBXResourcesBuildPhase;
			buildActionMask = 2147483647;
			files = (
			);
			runOnlyForDeploymentPostprocessing = 0;
		};
		8275545E1E086532004F5E97 /* Resources */ = {
			isa = PBXResourcesBuildPhase;
			buildActionMask = 2147483647;
			files = (
			);
			runOnlyForDeploymentPostprocessing = 0;
		};
/* End PBXResourcesBuildPhase section */

/* Begin PBXSourcesBuildPhase section */
		8275543D1E086531004F5E97 /* Sources */ = {
			isa = PBXSourcesBuildPhase;
			buildActionMask = 2147483647;
			files = (
				827554471E086532004F5E97 /* ViewController.swift in Sources */,
				827554451E086532004F5E97 /* AppDelegate.swift in Sources */,
			);
			runOnlyForDeploymentPostprocessing = 0;
		};
		827554511E086532004F5E97 /* Sources */ = {
			isa = PBXSourcesBuildPhase;
			buildActionMask = 2147483647;
			files = (
				8275545A1E086532004F5E97 /* FirstAppTests.swift in Sources */,
			);
			runOnlyForDeploymentPostprocessing = 0;
		};
		8275545C1E086532004F5E97 /* Sources */ = {
			isa = PBXSourcesBuildPhase;
			buildActionMask = 2147483647;
			files = (
				827554651E086532004F5E97 /* FirstAppUITests.swift in Sources */,
			);
			runOnlyForDeploymentPostprocessing = 0;
		};
/* End PBXSourcesBuildPhase section */

/* Begin PBXTargetDependency section */
		827554571E086532004F5E97 /* PBXTargetDependency */ = {
			isa = PBXTargetDependency;
			target = 827554401E086531004F5E97 /* FirstApp */;
			targetProxy = 827554561E086532004F5E97 /* PBXContainerItemProxy */;
		};
		827554621E086532004F5E97 /* PBXTargetDependency */ = {
			isa = PBXTargetDependency;
			target = 827554401E086531004F5E97 /* FirstApp */;
			targetProxy = 827554611E086532004F5E97 /* PBXContainerItemProxy */;
		};
/* End PBXTargetDependency section */

/* Begin PBXVariantGroup section */
		827554481E086532004F5E97 /* Main.storyboard */ = {
			isa = PBXVariantGroup;
			children = (
				827554491E086532004F5E97 /* Base */,
			);
			name = Main.storyboard;
			sourceTree = "<group>";
		};
		8275544D1E086532004F5E97 /* LaunchScreen.storyboard */ = {
			isa = PBXVariantGroup;
			children = (
				8275544E1E086532004F5E97 /* Base */,
			);
			name = LaunchScreen.storyboard;
			sourceTree = "<group>";
		};
/* End PBXVariantGroup section */

/* Begin XCBuildConfiguration section */
		827554671E086532004F5E97 /* Debug */ = {
			isa = XCBuildConfiguration;
			buildSettings = {
				ALWAYS_SEARCH_USER_PATHS = NO;
				CLANG_ANALYZER_NONNULL = YES;
				CLANG_CXX_LANGUAGE_STANDARD = "gnu++0x";
				CLANG_CXX_LIBRARY = "libc++";
				CLANG_ENABLE_MODULES = YES;
				CLANG_ENABLE_OBJC_ARC = YES;
				CLANG_WARN_BOOL_CONVERSION = YES;
				CLANG_WARN_CONSTANT_CONVERSION = YES;
				CLANG_WARN_DIRECT_OBJC_ISA_USAGE = YES_ERROR;
				CLANG_WARN_DOCUMENTATION_COMMENTS = YES;
				CLANG_WARN_EMPTY_BODY = YES;
				CLANG_WARN_ENUM_CONVERSION = YES;
				CLANG_WARN_INFINITE_RECURSION = YES;
				CLANG_WARN_INT_CONVERSION = YES;
				CLANG_WARN_OBJC_ROOT_CLASS = YES_ERROR;
				CLANG_WARN_SUSPICIOUS_MOVES = YES;
				CLANG_WARN_UNREACHABLE_CODE = YES;
				CLANG_WARN__DUPLICATE_METHOD_MATCH = YES;
				"CODE_SIGN_IDENTITY[sdk=iphoneos*]" = "iPhone Developer";
				COPY_PHASE_STRIP = NO;
				DEBUG_INFORMATION_FORMAT = dwarf;
				ENABLE_STRICT_OBJC_MSGSEND = YES;
				ENABLE_TESTABILITY = YES;
				GCC_C_LANGUAGE_STANDARD = gnu99;
				GCC_DYNAMIC_NO_PIC = NO;
				GCC_NO_COMMON_BLOCKS = YES;
				GCC_OPTIMIZATION_LEVEL = 0;
				GCC_PREPROCESSOR_DEFINITIONS = (
					"DEBUG=1",
					"$(inherited)",
				);
				GCC_WARN_64_TO_32_BIT_CONVERSION = YES;
				GCC_WARN_ABOUT_RETURN_TYPE = YES_ERROR;
				GCC_WARN_UNDECLARED_SELECTOR = YES;
				GCC_WARN_UNINITIALIZED_AUTOS = YES_AGGRESSIVE;
				GCC_WARN_UNUSED_FUNCTION = YES;
				GCC_WARN_UNUSED_VARIABLE = YES;
				IPHONEOS_DEPLOYMENT_TARGET = 10.1;
				MTL_ENABLE_DEBUG_INFO = YES;
				ONLY_ACTIVE_ARCH = YES;
				SDKROOT = iphoneos;
				SWIFT_ACTIVE_COMPILATION_CONDITIONS = DEBUG;
				SWIFT_OPTIMIZATION_LEVEL = "-Onone";
				TARGETED_DEVICE_FAMILY = "1,2";
			};
			name = Debug;
		};
		827554681E086532004F5E97 /* Release */ = {
			isa = XCBuildConfiguration;
			buildSettings = {
				ALWAYS_SEARCH_USER_PATHS = NO;
				CLANG_ANALYZER_NONNULL = YES;
				CLANG_CXX_LANGUAGE_STANDARD = "gnu++0x";
				CLANG_CXX_LIBRARY = "libc++";
				CLANG_ENABLE_MODULES = YES;
				CLANG_ENABLE_OBJC_ARC = YES;
				CLANG_WARN_BOOL_CONVERSION = YES;
				CLANG_WARN_CONSTANT_CONVERSION = YES;
				CLANG_WARN_DIRECT_OBJC_ISA_USAGE = YES_ERROR;
				CLANG_WARN_DOCUMENTATION_COMMENTS = YES;
				CLANG_WARN_EMPTY_BODY = YES;
				CLANG_WARN_ENUM_CONVERSION = YES;
				CLANG_WARN_INFINITE_RECURSION = YES;
				CLANG_WARN_INT_CONVERSION = YES;
				CLANG_WARN_OBJC_ROOT_CLASS = YES_ERROR;
				CLANG_WARN_SUSPICIOUS_MOVES = YES;
				CLANG_WARN_UNREACHABLE_CODE = YES;
				CLANG_WARN__DUPLICATE_METHOD_MATCH = YES;
				"CODE_SIGN_IDENTITY[sdk=iphoneos*]" = "iPhone Developer";
				COPY_PHASE_STRIP = NO;
				DEBUG_INFORMATION_FORMAT = "dwarf-with-dsym";
				ENABLE_NS_ASSERTIONS = NO;
				ENABLE_STRICT_OBJC_MSGSEND = YES;
				GCC_C_LANGUAGE_STANDARD = gnu99;
				GCC_NO_COMMON_BLOCKS = YES;
				GCC_WARN_64_TO_32_BIT_CONVERSION = YES;
				GCC_WARN_ABOUT_RETURN_TYPE = YES_ERROR;
				GCC_WARN_UNDECLARED_SELECTOR = YES;
				GCC_WARN_UNINITIALIZED_AUTOS = YES_AGGRESSIVE;
				GCC_WARN_UNUSED_FUNCTION = YES;
				GCC_WARN_UNUSED_VARIABLE = YES;
				IPHONEOS_DEPLOYMENT_TARGET = 10.1;
				MTL_ENABLE_DEBUG_INFO = NO;
				SDKROOT = iphoneos;
				SWIFT_OPTIMIZATION_LEVEL = "-Owholemodule";
				TARGETED_DEVICE_FAMILY = "1,2";
				VALIDATE_PRODUCT = YES;
			};
			name = Release;
		};
		8275546A1E086532004F5E97 /* Debug */ = {
			isa = XCBuildConfiguration;
			buildSettings = {
				ASSETCATALOG_COMPILER_APPICON_NAME = AppIcon;
				INFOPLIST_FILE = FirstApp/Info.plist;
				LD_RUNPATH_SEARCH_PATHS = "$(inherited) @executable_path/Frameworks";
				PRODUCT_BUNDLE_IDENTIFIER = com.tylerdailey.FirstApp;
				PRODUCT_NAME = "$(TARGET_NAME)";
				SWIFT_VERSION = 3.0;
			};
			name = Debug;
		};
		8275546B1E086532004F5E97 /* Release */ = {
			isa = XCBuildConfiguration;
			buildSettings = {
				ASSETCATALOG_COMPILER_APPICON_NAME = AppIcon;
				INFOPLIST_FILE = FirstApp/Info.plist;
				LD_RUNPATH_SEARCH_PATHS = "$(inherited) @executable_path/Frameworks";
				PRODUCT_BUNDLE_IDENTIFIER = com.tylerdailey.FirstApp;
				PRODUCT_NAME = "$(TARGET_NAME)";
				SWIFT_VERSION = 3.0;
			};
			name = Release;
		};
		8275546D1E086532004F5E97 /* Debug */ = {
			isa = XCBuildConfiguration;
			buildSettings = {
				ALWAYS_EMBED_SWIFT_STANDARD_LIBRARIES = YES;
				BUNDLE_LOADER = "$(TEST_HOST)";
				INFOPLIST_FILE = FirstAppTests/Info.plist;
				LD_RUNPATH_SEARCH_PATHS = "$(inherited) @executable_path/Frameworks @loader_path/Frameworks";
				PRODUCT_BUNDLE_IDENTIFIER = com.tylerdailey.FirstAppTests;
				PRODUCT_NAME = "$(TARGET_NAME)";
				SWIFT_VERSION = 3.0;
				TEST_HOST = "$(BUILT_PRODUCTS_DIR)/FirstApp.app/FirstApp";
			};
			name = Debug;
		};
		8275546E1E086532004F5E97 /* Release */ = {
			isa = XCBuildConfiguration;
			buildSettings = {
				ALWAYS_EMBED_SWIFT_STANDARD_LIBRARIES = YES;
				BUNDLE_LOADER = "$(TEST_HOST)";
				INFOPLIST_FILE = FirstAppTests/Info.plist;
				LD_RUNPATH_SEARCH_PATHS = "$(inherited) @executable_path/Frameworks @loader_path/Frameworks";
				PRODUCT_BUNDLE_IDENTIFIER = com.tylerdailey.FirstAppTests;
				PRODUCT_NAME = "$(TARGET_NAME)";
				SWIFT_VERSION = 3.0;
				TEST_HOST = "$(BUILT_PRODUCTS_DIR)/FirstApp.app/FirstApp";
			};
			name = Release;
		};
		827554701E086532004F5E97 /* Debug */ = {
			isa = XCBuildConfiguration;
			buildSettings = {
				ALWAYS_EMBED_SWIFT_STANDARD_LIBRARIES = YES;
				INFOPLIST_FILE = FirstAppUITests/Info.plist;
				LD_RUNPATH_SEARCH_PATHS = "$(inherited) @executable_path/Frameworks @loader_path/Frameworks";
				PRODUCT_BUNDLE_IDENTIFIER = com.tylerdailey.FirstAppUITests;
				PRODUCT_NAME = "$(TARGET_NAME)";
				SWIFT_VERSION = 3.0;
				TEST_TARGET_NAME = FirstApp;
			};
			name = Debug;
		};
		827554711E086532004F5E97 /* Release */ = {
			isa = XCBuildConfiguration;
			buildSettings = {
				ALWAYS_EMBED_SWIFT_STANDARD_LIBRARIES = YES;
				INFOPLIST_FILE = FirstAppUITests/Info.plist;
				LD_RUNPATH_SEARCH_PATHS = "$(inherited) @executable_path/Frameworks @loader_path/Frameworks";
				PRODUCT_BUNDLE_IDENTIFIER = com.tylerdailey.FirstAppUITests;
				PRODUCT_NAME = "$(TARGET_NAME)";
				SWIFT_VERSION = 3.0;
				TEST_TARGET_NAME = FirstApp;
			};
			name = Release;
		};
/* End XCBuildConfiguration section */

/* Begin XCConfigurationList section */
		8275543C1E086531004F5E97 /* Build configuration list for PBXProject "FirstApp" */ = {
			isa = XCConfigurationList;
			buildConfigurations = (
				827554671E086532004F5E97 /* Debug */,
				827554681E086532004F5E97 /* Release */,
			);
			defaultConfigurationIsVisible = 0;
			defaultConfigurationName = Release;
		};
		827554691E086532004F5E97 /* Build configuration list for PBXNativeTarget "FirstApp" */ = {
			isa = XCConfigurationList;
			buildConfigurations = (
				8275546A1E086532004F5E97 /* Debug */,
				8275546B1E086532004F5E97 /* Release */,
			);
			defaultConfigurationIsVisible = 0;
		};
		8275546C1E086532004F5E97 /* Build configuration list for PBXNativeTarget "FirstAppTests" */ = {
			isa = XCConfigurationList;
			buildConfigurations = (
				8275546D1E086532004F5E97 /* Debug */,
				8275546E1E086532004F5E97 /* Release */,
			);
			defaultConfigurationIsVisible = 0;
		};
		8275546F1E086532004F5E97 /* Build configuration list for PBXNativeTarget "FirstAppUITests" */ = {
			isa = XCConfigurationList;
			buildConfigurations = (
				827554701E086532004F5E97 /* Debug */,
				827554711E086532004F5E97 /* Release */,
			);
			defaultConfigurationIsVisible = 0;
		};
/* End XCConfigurationList section */
	};
	rootObject = 827554391E086531004F5E97 /* Project object */;
}
