// !$*UTF8*$!
{
	archiveVersion = 1;
	classes = {
	};
	objectVersion = 46;
	objects = {

/* Begin PBXBuildFile section */
		82C9A48B1E206EE600B3EDF3 /* AppDelegate.swift in Sources */ = {isa = PBXBuildFile; fileRef = 82C9A48A1E206EE600B3EDF3 /* AppDelegate.swift */; };
		82C9A48D1E206EE600B3EDF3 /* ViewController.swift in Sources */ = {isa = PBXBuildFile; fileRef = 82C9A48C1E206EE600B3EDF3 /* ViewController.swift */; };
		82C9A4901E206EE600B3EDF3 /* Main.storyboard in Resources */ = {isa = PBXBuildFile; fileRef = 82C9A48E1E206EE600B3EDF3 /* Main.storyboard */; };
		82C9A4931E206EE600B3EDF3 /* GymTracker.xcdatamodeld in Sources */ = {isa = PBXBuildFile; fileRef = 82C9A4911E206EE600B3EDF3 /* GymTracker.xcdatamodeld */; };
		82C9A4951E206EE600B3EDF3 /* Assets.xcassets in Resources */ = {isa = PBXBuildFile; fileRef = 82C9A4941E206EE600B3EDF3 /* Assets.xcassets */; };
		82C9A4981E206EE600B3EDF3 /* LaunchScreen.storyboard in Resources */ = {isa = PBXBuildFile; fileRef = 82C9A4961E206EE600B3EDF3 /* LaunchScreen.storyboard */; };
/* End PBXBuildFile section */

/* Begin PBXFileReference section */
		82C9A4871E206EE600B3EDF3 /* GymTracker.app */ = {isa = PBXFileReference; explicitFileType = wrapper.application; includeInIndex = 0; path = GymTracker.app; sourceTree = BUILT_PRODUCTS_DIR; };
		82C9A48A1E206EE600B3EDF3 /* AppDelegate.swift */ = {isa = PBXFileReference; lastKnownFileType = sourcecode.swift; path = AppDelegate.swift; sourceTree = "<group>"; };
		82C9A48C1E206EE600B3EDF3 /* ViewController.swift */ = {isa = PBXFileReference; lastKnownFileType = sourcecode.swift; path = ViewController.swift; sourceTree = "<group>"; };
		82C9A48F1E206EE600B3EDF3 /* Base */ = {isa = PBXFileReference; lastKnownFileType = file.storyboard; name = Base; path = Base.lproj/Main.storyboard; sourceTree = "<group>"; };
		82C9A4921E206EE600B3EDF3 /* GymTracker.xcdatamodel */ = {isa = PBXFileReference; lastKnownFileType = wrapper.xcdatamodel; path = GymTracker.xcdatamodel; sourceTree = "<group>"; };
		82C9A4941E206EE600B3EDF3 /* Assets.xcassets */ = {isa = PBXFileReference; lastKnownFileType = folder.assetcatalog; path = Assets.xcassets; sourceTree = "<group>"; };
		82C9A4971E206EE600B3EDF3 /* Base */ = {isa = PBXFileReference; lastKnownFileType = file.storyboard; name = Base; path = Base.lproj/LaunchScreen.storyboard; sourceTree = "<group>"; };
		82C9A4991E206EE600B3EDF3 /* Info.plist */ = {isa = PBXFileReference; lastKnownFileType = text.plist.xml; path = Info.plist; sourceTree = "<group>"; };
/* End PBXFileReference section */

/* Begin PBXFrameworksBuildPhase section */
		82C9A4841E206EE600B3EDF3 /* Frameworks */ = {
			isa = PBXFrameworksBuildPhase;
			buildActionMask = 2147483647;
			files = (
			);
			runOnlyForDeploymentPostprocessing = 0;
		};
/* End PBXFrameworksBuildPhase section */

/* Begin PBXGroup section */
		82C9A47E1E206EE600B3EDF3 = {
			isa = PBXGroup;
			children = (
				82C9A4891E206EE600B3EDF3 /* GymTracker */,
				82C9A4881E206EE600B3EDF3 /* Products */,
			);
			sourceTree = "<group>";
		};
		82C9A4881E206EE600B3EDF3 /* Products */ = {
			isa = PBXGroup;
			children = (
				82C9A4871E206EE600B3EDF3 /* GymTracker.app */,
			);
			name = Products;
			sourceTree = "<group>";
		};
		82C9A4891E206EE600B3EDF3 /* GymTracker */ = {
			isa = PBXGroup;
			children = (
				82C9A48A1E206EE600B3EDF3 /* AppDelegate.swift */,
				82C9A48C1E206EE600B3EDF3 /* ViewController.swift */,
				82C9A48E1E206EE600B3EDF3 /* Main.storyboard */,
				82C9A4941E206EE600B3EDF3 /* Assets.xcassets */,
				82C9A4961E206EE600B3EDF3 /* LaunchScreen.storyboard */,
				82C9A4991E206EE600B3EDF3 /* Info.plist */,
				82C9A4911E206EE600B3EDF3 /* GymTracker.xcdatamodeld */,
			);
			path = GymTracker;
			sourceTree = "<group>";
		};
/* End PBXGroup section */

/* Begin PBXNativeTarget section */
		82C9A4861E206EE600B3EDF3 /* GymTracker */ = {
			isa = PBXNativeTarget;
			buildConfigurationList = 82C9A49C1E206EE600B3EDF3 /* Build configuration list for PBXNativeTarget "GymTracker" */;
			buildPhases = (
				82C9A4831E206EE600B3EDF3 /* Sources */,
				82C9A4841E206EE600B3EDF3 /* Frameworks */,
				82C9A4851E206EE600B3EDF3 /* Resources */,
			);
			buildRules = (
			);
			dependencies = (
			);
			name = GymTracker;
			productName = GymTracker;
			productReference = 82C9A4871E206EE600B3EDF3 /* GymTracker.app */;
			productType = "com.apple.product-type.application";
		};
/* End PBXNativeTarget section */

/* Begin PBXProject section */
		82C9A47F1E206EE600B3EDF3 /* Project object */ = {
			isa = PBXProject;
			attributes = {
				LastSwiftUpdateCheck = 0820;
				LastUpgradeCheck = 0820;
				ORGANIZATIONNAME = "Tyler Dailey";
				TargetAttributes = {
					82C9A4861E206EE600B3EDF3 = {
						CreatedOnToolsVersion = 8.2.1;
						DevelopmentTeam = G2C2BFK2S5;
						ProvisioningStyle = Automatic;
					};
				};
			};
			buildConfigurationList = 82C9A4821E206EE600B3EDF3 /* Build configuration list for PBXProject "GymTracker" */;
			compatibilityVersion = "Xcode 3.2";
			developmentRegion = English;
			hasScannedForEncodings = 0;
			knownRegions = (
				en,
				Base,
			);
			mainGroup = 82C9A47E1E206EE600B3EDF3;
			productRefGroup = 82C9A4881E206EE600B3EDF3 /* Products */;
			projectDirPath = "";
			projectRoot = "";
			targets = (
				82C9A4861E206EE600B3EDF3 /* GymTracker */,
			);
		};
/* End PBXProject section */

/* Begin PBXResourcesBuildPhase section */
		82C9A4851E206EE600B3EDF3 /* Resources */ = {
			isa = PBXResourcesBuildPhase;
			buildActionMask = 2147483647;
			files = (
				82C9A4981E206EE600B3EDF3 /* LaunchScreen.storyboard in Resources */,
				82C9A4951E206EE600B3EDF3 /* Assets.xcassets in Resources */,
				82C9A4901E206EE600B3EDF3 /* Main.storyboard in Resources */,
			);
			runOnlyForDeploymentPostprocessing = 0;
		};
/* End PBXResourcesBuildPhase section */

/* Begin PBXSourcesBuildPhase section */
		82C9A4831E206EE600B3EDF3 /* Sources */ = {
			isa = PBXSourcesBuildPhase;
			buildActionMask = 2147483647;
			files = (
				82C9A48D1E206EE600B3EDF3 /* ViewController.swift in Sources */,
				82C9A48B1E206EE600B3EDF3 /* AppDelegate.swift in Sources */,
				82C9A4931E206EE600B3EDF3 /* GymTracker.xcdatamodeld in Sources */,
			);
			runOnlyForDeploymentPostprocessing = 0;
		};
/* End PBXSourcesBuildPhase section */

/* Begin PBXVariantGroup section */
		82C9A48E1E206EE600B3EDF3 /* Main.storyboard */ = {
			isa = PBXVariantGroup;
			children = (
				82C9A48F1E206EE600B3EDF3 /* Base */,
			);
			name = Main.storyboard;
			sourceTree = "<group>";
		};
		82C9A4961E206EE600B3EDF3 /* LaunchScreen.storyboard */ = {
			isa = PBXVariantGroup;
			children = (
				82C9A4971E206EE600B3EDF3 /* Base */,
			);
			name = LaunchScreen.storyboard;
			sourceTree = "<group>";
		};
/* End PBXVariantGroup section */

/* Begin XCBuildConfiguration section */
		82C9A49A1E206EE600B3EDF3 /* Debug */ = {
			isa = XCBuildConfiguration;
			buildSettings = {
				ALWAYS_SEARCH_USER_PATHS = NO;
				CLANG_ANALYZER_NONNULL = YES;
				CLANG_CXX_LANGUAGE_STANDARD = "gnu++0x";
				CLANG_CXX_LIBRARY = "libc++";
				CLANG_ENABLE_MODULES = YES;
				CLANG_ENABLE_OBJC_ARC = YES;
				CLANG_WARN_BOOL_CONVERSION = YES;
				CLANG_WARN_CONSTANT_CONVERSION = YES;
				CLANG_WARN_DIRECT_OBJC_ISA_USAGE = YES_ERROR;
				CLANG_WARN_DOCUMENTATION_COMMENTS = YES;
				CLANG_WARN_EMPTY_BODY = YES;
				CLANG_WARN_ENUM_CONVERSION = YES;
				CLANG_WARN_INFINITE_RECURSION = YES;
				CLANG_WARN_INT_CONVERSION = YES;
				CLANG_WARN_OBJC_ROOT_CLASS = YES_ERROR;
				CLANG_WARN_SUSPICIOUS_MOVE = YES;
				CLANG_WARN_UNREACHABLE_CODE = YES;
				CLANG_WARN__DUPLICATE_METHOD_MATCH = YES;
				"CODE_SIGN_IDENTITY[sdk=iphoneos*]" = "iPhone Developer";
				COPY_PHASE_STRIP = NO;
				DEBUG_INFORMATION_FORMAT = dwarf;
				ENABLE_STRICT_OBJC_MSGSEND = YES;
				ENABLE_TESTABILITY = YES;
				GCC_C_LANGUAGE_STANDARD = gnu99;
				GCC_DYNAMIC_NO_PIC = NO;
				GCC_NO_COMMON_BLOCKS = YES;
				GCC_OPTIMIZATION_LEVEL = 0;
				GCC_PREPROCESSOR_DEFINITIONS = (
					"DEBUG=1",
					"$(inherited)",
				);
				GCC_WARN_64_TO_32_BIT_CONVERSION = YES;
				GCC_WARN_ABOUT_RETURN_TYPE = YES_ERROR;
				GCC_WARN_UNDECLARED_SELECTOR = YES;
				GCC_WARN_UNINITIALIZED_AUTOS = YES_AGGRESSIVE;
				GCC_WARN_UNUSED_FUNCTION = YES;
				GCC_WARN_UNUSED_VARIABLE = YES;
				IPHONEOS_DEPLOYMENT_TARGET = 10.2;
				MTL_ENABLE_DEBUG_INFO = YES;
				ONLY_ACTIVE_ARCH = YES;
				SDKROOT = iphoneos;
				SWIFT_ACTIVE_COMPILATION_CONDITIONS = DEBUG;
				SWIFT_OPTIMIZATION_LEVEL = "-Onone";
			};
			name = Debug;
		};
		82C9A49B1E206EE600B3EDF3 /* Release */ = {
			isa = XCBuildConfiguration;
			buildSettings = {
				ALWAYS_SEARCH_USER_PATHS = NO;
				CLANG_ANALYZER_NONNULL = YES;
				CLANG_CXX_LANGUAGE_STANDARD = "gnu++0x";
				CLANG_CXX_LIBRARY = "libc++";
				CLANG_ENABLE_MODULES = YES;
				CLANG_ENABLE_OBJC_ARC = YES;
				CLANG_WARN_BOOL_CONVERSION = YES;
				CLANG_WARN_CONSTANT_CONVERSION = YES;
				CLANG_WARN_DIRECT_OBJC_ISA_USAGE = YES_ERROR;
				CLANG_WARN_DOCUMENTATION_COMMENTS = YES;
				CLANG_WARN_EMPTY_BODY = YES;
				CLANG_WARN_ENUM_CONVERSION = YES;
				CLANG_WARN_INFINITE_RECURSION = YES;
				CLANG_WARN_INT_CONVERSION = YES;
				CLANG_WARN_OBJC_ROOT_CLASS = YES_ERROR;
				CLANG_WARN_SUSPICIOUS_MOVE = YES;
				CLANG_WARN_UNREACHABLE_CODE = YES;
				CLANG_WARN__DUPLICATE_METHOD_MATCH = YES;
				"CODE_SIGN_IDENTITY[sdk=iphoneos*]" = "iPhone Developer";
				COPY_PHASE_STRIP = NO;
				DEBUG_INFORMATION_FORMAT = "dwarf-with-dsym";
				ENABLE_NS_ASSERTIONS = NO;
				ENABLE_STRICT_OBJC_MSGSEND = YES;
				GCC_C_LANGUAGE_STANDARD = gnu99;
				GCC_NO_COMMON_BLOCKS = YES;
				GCC_WARN_64_TO_32_BIT_CONVERSION = YES;
				GCC_WARN_ABOUT_RETURN_TYPE = YES_ERROR;
				GCC_WARN_UNDECLARED_SELECTOR = YES;
				GCC_WARN_UNINITIALIZED_AUTOS = YES_AGGRESSIVE;
				GCC_WARN_UNUSED_FUNCTION = YES;
				GCC_WARN_UNUSED_VARIABLE = YES;
				IPHONEOS_DEPLOYMENT_TARGET = 10.2;
				MTL_ENABLE_DEBUG_INFO = NO;
				SDKROOT = iphoneos;
				SWIFT_OPTIMIZATION_LEVEL = "-Owholemodule";
				VALIDATE_PRODUCT = YES;
			};
			name = Release;
		};
		82C9A49D1E206EE600B3EDF3 /* Debug */ = {
			isa = XCBuildConfiguration;
			buildSettings = {
				ASSETCATALOG_COMPILER_APPICON_NAME = AppIcon;
				DEVELOPMENT_TEAM = G2C2BFK2S5;
				INFOPLIST_FILE = GymTracker/Info.plist;
				LD_RUNPATH_SEARCH_PATHS = "$(inherited) @executable_path/Frameworks";
				PRODUCT_BUNDLE_IDENTIFIER = com.tylerdailey.GymTracker;
				PRODUCT_NAME = "$(TARGET_NAME)";
				SWIFT_VERSION = 3.0;
			};
			name = Debug;
		};
		82C9A49E1E206EE600B3EDF3 /* Release */ = {
			isa = XCBuildConfiguration;
			buildSettings = {
				ASSETCATALOG_COMPILER_APPICON_NAME = AppIcon;
				DEVELOPMENT_TEAM = G2C2BFK2S5;
				INFOPLIST_FILE = GymTracker/Info.plist;
				LD_RUNPATH_SEARCH_PATHS = "$(inherited) @executable_path/Frameworks";
				PRODUCT_BUNDLE_IDENTIFIER = com.tylerdailey.GymTracker;
				PRODUCT_NAME = "$(TARGET_NAME)";
				SWIFT_VERSION = 3.0;
			};
			name = Release;
		};
/* End XCBuildConfiguration section */

/* Begin XCConfigurationList section */
		82C9A4821E206EE600B3EDF3 /* Build configuration list for PBXProject "GymTracker" */ = {
			isa = XCConfigurationList;
			buildConfigurations = (
				82C9A49A1E206EE600B3EDF3 /* Debug */,
				82C9A49B1E206EE600B3EDF3 /* Release */,
			);
			defaultConfigurationIsVisible = 0;
			defaultConfigurationName = Release;
		};
		82C9A49C1E206EE600B3EDF3 /* Build configuration list for PBXNativeTarget "GymTracker" */ = {
			isa = XCConfigurationList;
			buildConfigurations = (
				82C9A49D1E206EE600B3EDF3 /* Debug */,
				82C9A49E1E206EE600B3EDF3 /* Release */,
			);
			defaultConfigurationIsVisible = 0;
		};
/* End XCConfigurationList section */

/* Begin XCVersionGroup section */
		82C9A4911E206EE600B3EDF3 /* GymTracker.xcdatamodeld */ = {
			isa = XCVersionGroup;
			children = (
				82C9A4921E206EE600B3EDF3 /* GymTracker.xcdatamodel */,
			);
			currentVersion = 82C9A4921E206EE600B3EDF3 /* GymTracker.xcdatamodel */;
			path = GymTracker.xcdatamodeld;
			sourceTree = "<group>";
			versionGroupType = wrapper.xcdatamodel;
		};
/* End XCVersionGroup section */
	};
	rootObject = 82C9A47F1E206EE600B3EDF3 /* Project object */;
}
